// !$*UTF8*$!
{
	archiveVersion = 1;
	classes = {
	};
	objectVersion = 46;
	objects = {

/* Begin PBXBuildFile section */
		24B0212B90F64BBA843977D3 /* libPods.a in Frameworks */ = {isa = PBXBuildFile; fileRef = CCD8F8B67F36499980BAAD05 /* libPods.a */; };
		290F464F1952218100C38EC8 /* AppDelegate.swift in Sources */ = {isa = PBXBuildFile; fileRef = 290F464E1952218100C38EC8 /* AppDelegate.swift */; };
		290F46511952218100C38EC8 /* Images.xcassets in Resources */ = {isa = PBXBuildFile; fileRef = 290F46501952218100C38EC8 /* Images.xcassets */; };
		290F465D1952218100C38EC8 /* WatParkTests.swift in Sources */ = {isa = PBXBuildFile; fileRef = 290F465C1952218100C38EC8 /* WatParkTests.swift */; };
		B07484C219522957001C8B69 /* Crashlytics.framework in Frameworks */ = {isa = PBXBuildFile; fileRef = B07484C119522957001C8B69 /* Crashlytics.framework */; };
/* End PBXBuildFile section */

/* Begin PBXContainerItemProxy section */
		290F46571952218100C38EC8 /* PBXContainerItemProxy */ = {
			isa = PBXContainerItemProxy;
			containerPortal = 290F46411952218100C38EC8 /* Project object */;
			proxyType = 1;
			remoteGlobalIDString = 290F46481952218100C38EC8;
			remoteInfo = WatPark;
		};
/* End PBXContainerItemProxy section */

/* Begin PBXFileReference section */
		290F46491952218100C38EC8 /* WatPark.app */ = {isa = PBXFileReference; explicitFileType = wrapper.application; includeInIndex = 0; path = WatPark.app; sourceTree = BUILT_PRODUCTS_DIR; };
		290F464D1952218100C38EC8 /* Info.plist */ = {isa = PBXFileReference; lastKnownFileType = text.plist.xml; path = Info.plist; sourceTree = "<group>"; };
		290F464E1952218100C38EC8 /* AppDelegate.swift */ = {isa = PBXFileReference; lastKnownFileType = sourcecode.swift; path = AppDelegate.swift; sourceTree = "<group>"; };
		290F46501952218100C38EC8 /* Images.xcassets */ = {isa = PBXFileReference; lastKnownFileType = folder.assetcatalog; path = Images.xcassets; sourceTree = "<group>"; };
		290F46561952218100C38EC8 /* WatParkTests.xctest */ = {isa = PBXFileReference; explicitFileType = wrapper.cfbundle; includeInIndex = 0; path = WatParkTests.xctest; sourceTree = BUILT_PRODUCTS_DIR; };
		290F465B1952218100C38EC8 /* Info.plist */ = {isa = PBXFileReference; lastKnownFileType = text.plist.xml; path = Info.plist; sourceTree = "<group>"; };
		290F465C1952218100C38EC8 /* WatParkTests.swift */ = {isa = PBXFileReference; lastKnownFileType = sourcecode.swift; path = WatParkTests.swift; sourceTree = "<group>"; };
		2964CFBA195223E20013FC2A /* WatPark-Bridging-Header.h */ = {isa = PBXFileReference; fileEncoding = 4; lastKnownFileType = sourcecode.c.h; path = "WatPark-Bridging-Header.h"; sourceTree = "<group>"; };
		98F84DE7C2C64BD6AB348FD0 /* Pods.xcconfig */ = {isa = PBXFileReference; includeInIndex = 1; lastKnownFileType = text.xcconfig; name = Pods.xcconfig; path = Pods/Pods.xcconfig; sourceTree = "<group>"; };
		B07484C119522957001C8B69 /* Crashlytics.framework */ = {isa = PBXFileReference; lastKnownFileType = wrapper.framework; path = Crashlytics.framework; sourceTree = "<group>"; };
		CCD8F8B67F36499980BAAD05 /* libPods.a */ = {isa = PBXFileReference; explicitFileType = archive.ar; includeInIndex = 0; path = libPods.a; sourceTree = BUILT_PRODUCTS_DIR; };
/* End PBXFileReference section */

/* Begin PBXFrameworksBuildPhase section */
		290F46461952218100C38EC8 /* Frameworks */ = {
			isa = PBXFrameworksBuildPhase;
			buildActionMask = 2147483647;
			files = (
				B07484C219522957001C8B69 /* Crashlytics.framework in Frameworks */,
				24B0212B90F64BBA843977D3 /* libPods.a in Frameworks */,
			);
			runOnlyForDeploymentPostprocessing = 0;
		};
		290F46531952218100C38EC8 /* Frameworks */ = {
			isa = PBXFrameworksBuildPhase;
			buildActionMask = 2147483647;
			files = (
			);
			runOnlyForDeploymentPostprocessing = 0;
		};
/* End PBXFrameworksBuildPhase section */

/* Begin PBXGroup section */
		290F46401952218000C38EC8 = {
			isa = PBXGroup;
			children = (
				290F464B1952218100C38EC8 /* WatPark */,
				290F46591952218100C38EC8 /* WatParkTests */,
				290F464A1952218100C38EC8 /* Products */,
				98F84DE7C2C64BD6AB348FD0 /* Pods.xcconfig */,
				D8CB04ED94A5473ABCBFB193 /* Frameworks */,
			);
			sourceTree = "<group>";
		};
		290F464A1952218100C38EC8 /* Products */ = {
			isa = PBXGroup;
			children = (
				290F46491952218100C38EC8 /* WatPark.app */,
				290F46561952218100C38EC8 /* WatParkTests.xctest */,
			);
			name = Products;
			sourceTree = "<group>";
		};
		290F464B1952218100C38EC8 /* WatPark */ = {
			isa = PBXGroup;
			children = (
				2964CFBA195223E20013FC2A /* WatPark-Bridging-Header.h */,
				290F464E1952218100C38EC8 /* AppDelegate.swift */,
				290F46501952218100C38EC8 /* Images.xcassets */,
				290F464C1952218100C38EC8 /* Supporting Files */,
			);
			path = WatPark;
			sourceTree = "<group>";
		};
		290F464C1952218100C38EC8 /* Supporting Files */ = {
			isa = PBXGroup;
			children = (
				290F464D1952218100C38EC8 /* Info.plist */,
			);
			name = "Supporting Files";
			sourceTree = "<group>";
		};
		290F46591952218100C38EC8 /* WatParkTests */ = {
			isa = PBXGroup;
			children = (
				290F465C1952218100C38EC8 /* WatParkTests.swift */,
				290F465A1952218100C38EC8 /* Supporting Files */,
			);
			path = WatParkTests;
			sourceTree = "<group>";
		};
		290F465A1952218100C38EC8 /* Supporting Files */ = {
			isa = PBXGroup;
			children = (
				290F465B1952218100C38EC8 /* Info.plist */,
			);
			name = "Supporting Files";
			sourceTree = "<group>";
		};
		D8CB04ED94A5473ABCBFB193 /* Frameworks */ = {
			isa = PBXGroup;
			children = (
				B07484C119522957001C8B69 /* Crashlytics.framework */,
				CCD8F8B67F36499980BAAD05 /* libPods.a */,
			);
			name = Frameworks;
			sourceTree = "<group>";
		};
/* End PBXGroup section */

/* Begin PBXNativeTarget section */
		290F46481952218100C38EC8 /* WatPark */ = {
			isa = PBXNativeTarget;
			buildConfigurationList = 290F46601952218100C38EC8 /* Build configuration list for PBXNativeTarget "WatPark" */;
			buildPhases = (
				9C36395F5ED44A708970ED93 /* Check Pods Manifest.lock */,
				290F46451952218100C38EC8 /* Sources */,
				290F46461952218100C38EC8 /* Frameworks */,
				290F46471952218100C38EC8 /* Resources */,
				26D19BB63262430C89DC0693 /* Copy Pods Resources */,
				B07484C0195228E7001C8B69 /* ShellScript */,
			);
			buildRules = (
			);
			dependencies = (
			);
			name = WatPark;
			productName = WatPark;
			productReference = 290F46491952218100C38EC8 /* WatPark.app */;
			productType = "com.apple.product-type.application";
		};
		290F46551952218100C38EC8 /* WatParkTests */ = {
			isa = PBXNativeTarget;
			buildConfigurationList = 290F46631952218100C38EC8 /* Build configuration list for PBXNativeTarget "WatParkTests" */;
			buildPhases = (
				290F46521952218100C38EC8 /* Sources */,
				290F46531952218100C38EC8 /* Frameworks */,
				290F46541952218100C38EC8 /* Resources */,
			);
			buildRules = (
			);
			dependencies = (
				290F46581952218100C38EC8 /* PBXTargetDependency */,
			);
			name = WatParkTests;
			productName = WatParkTests;
			productReference = 290F46561952218100C38EC8 /* WatParkTests.xctest */;
			productType = "com.apple.product-type.bundle.unit-test";
		};
/* End PBXNativeTarget section */

/* Begin PBXProject section */
		290F46411952218100C38EC8 /* Project object */ = {
			isa = PBXProject;
			attributes = {
				LastUpgradeCheck = 0600;
				ORGANIZATIONNAME = Sin2;
				TargetAttributes = {
					290F46481952218100C38EC8 = {
						CreatedOnToolsVersion = 6.0;
					};
					290F46551952218100C38EC8 = {
						CreatedOnToolsVersion = 6.0;
						TestTargetID = 290F46481952218100C38EC8;
					};
				};
			};
			buildConfigurationList = 290F46441952218100C38EC8 /* Build configuration list for PBXProject "WatPark" */;
			compatibilityVersion = "Xcode 3.2";
			developmentRegion = English;
			hasScannedForEncodings = 0;
			knownRegions = (
				en,
			);
			mainGroup = 290F46401952218000C38EC8;
			productRefGroup = 290F464A1952218100C38EC8 /* Products */;
			projectDirPath = "";
			projectRoot = "";
			targets = (
				290F46481952218100C38EC8 /* WatPark */,
				290F46551952218100C38EC8 /* WatParkTests */,
			);
		};
/* End PBXProject section */

/* Begin PBXResourcesBuildPhase section */
		290F46471952218100C38EC8 /* Resources */ = {
			isa = PBXResourcesBuildPhase;
			buildActionMask = 2147483647;
			files = (
				290F46511952218100C38EC8 /* Images.xcassets in Resources */,
			);
			runOnlyForDeploymentPostprocessing = 0;
		};
		290F46541952218100C38EC8 /* Resources */ = {
			isa = PBXResourcesBuildPhase;
			buildActionMask = 2147483647;
			files = (
			);
			runOnlyForDeploymentPostprocessing = 0;
		};
/* End PBXResourcesBuildPhase section */

/* Begin PBXShellScriptBuildPhase section */
		26D19BB63262430C89DC0693 /* Copy Pods Resources */ = {
			isa = PBXShellScriptBuildPhase;
			buildActionMask = 2147483647;
			files = (
			);
			inputPaths = (
			);
			name = "Copy Pods Resources";
			outputPaths = (
			);
			runOnlyForDeploymentPostprocessing = 0;
			shellPath = /bin/sh;
			shellScript = "\"${SRCROOT}/Pods/Pods-resources.sh\"\n";
			showEnvVarsInLog = 0;
		};
		9C36395F5ED44A708970ED93 /* Check Pods Manifest.lock */ = {
			isa = PBXShellScriptBuildPhase;
			buildActionMask = 2147483647;
			files = (
			);
			inputPaths = (
			);
			name = "Check Pods Manifest.lock";
			outputPaths = (
			);
			runOnlyForDeploymentPostprocessing = 0;
			shellPath = /bin/sh;
			shellScript = "diff \"${PODS_ROOT}/../Podfile.lock\" \"${PODS_ROOT}/Manifest.lock\" > /dev/null\nif [[ $? != 0 ]] ; then\n    cat << EOM\nerror: The sandbox is not in sync with the Podfile.lock. Run 'pod install' or update your CocoaPods installation.\nEOM\n    exit 1\nfi\n";
			showEnvVarsInLog = 0;
		};
		B07484C0195228E7001C8B69 /* ShellScript */ = {
			isa = PBXShellScriptBuildPhase;
			buildActionMask = 2147483647;
			files = (
			);
			inputPaths = (
			);
			outputPaths = (
			);
			runOnlyForDeploymentPostprocessing = 0;
			shellPath = /bin/sh;
			shellScript = "./Crashlytics.framework/run 7f2ba3940b86c9a42fb1141a4091dd56d415b01b 056446340bac2817b819cfa7aafea2083aaa9ef73a47881e5adf9aaef0261fcf";
		};
/* End PBXShellScriptBuildPhase section */

/* Begin PBXSourcesBuildPhase section */
		290F46451952218100C38EC8 /* Sources */ = {
			isa = PBXSourcesBuildPhase;
			buildActionMask = 2147483647;
			files = (
				290F464F1952218100C38EC8 /* AppDelegate.swift in Sources */,
			);
			runOnlyForDeploymentPostprocessing = 0;
		};
		290F46521952218100C38EC8 /* Sources */ = {
			isa = PBXSourcesBuildPhase;
			buildActionMask = 2147483647;
			files = (
				290F465D1952218100C38EC8 /* WatParkTests.swift in Sources */,
			);
			runOnlyForDeploymentPostprocessing = 0;
		};
/* End PBXSourcesBuildPhase section */

/* Begin PBXTargetDependency section */
		290F46581952218100C38EC8 /* PBXTargetDependency */ = {
			isa = PBXTargetDependency;
			target = 290F46481952218100C38EC8 /* WatPark */;
			targetProxy = 290F46571952218100C38EC8 /* PBXContainerItemProxy */;
		};
/* End PBXTargetDependency section */

/* Begin XCBuildConfiguration section */
		290F465E1952218100C38EC8 /* Debug */ = {
			isa = XCBuildConfiguration;
			buildSettings = {
				ALWAYS_SEARCH_USER_PATHS = NO;
				CLANG_CXX_LANGUAGE_STANDARD = "gnu++0x";
				CLANG_CXX_LIBRARY = "libc++";
				CLANG_ENABLE_MODULES = YES;
				CLANG_ENABLE_OBJC_ARC = YES;
				CLANG_WARN_BOOL_CONVERSION = YES;
				CLANG_WARN_CONSTANT_CONVERSION = YES;
				CLANG_WARN_DIRECT_OBJC_ISA_USAGE = YES_ERROR;
				CLANG_WARN_EMPTY_BODY = YES;
				CLANG_WARN_ENUM_CONVERSION = YES;
				CLANG_WARN_INT_CONVERSION = YES;
				CLANG_WARN_OBJC_ROOT_CLASS = YES_ERROR;
				CLANG_WARN_UNREACHABLE_CODE = YES;
				CLANG_WARN__DUPLICATE_METHOD_MATCH = YES;
				"CODE_SIGN_IDENTITY[sdk=iphoneos*]" = "iPhone Developer";
				COPY_PHASE_STRIP = NO;
				ENABLE_STRICT_OBJC_MSGSEND = YES;
				GCC_C_LANGUAGE_STANDARD = gnu99;
				GCC_DYNAMIC_NO_PIC = NO;
				GCC_OPTIMIZATION_LEVEL = 0;
				GCC_PREPROCESSOR_DEFINITIONS = (
					"DEBUG=1",
					"$(inherited)",
				);
				GCC_SYMBOLS_PRIVATE_EXTERN = NO;
				GCC_WARN_64_TO_32_BIT_CONVERSION = YES;
				GCC_WARN_ABOUT_RETURN_TYPE = YES_ERROR;
				GCC_WARN_UNDECLARED_SELECTOR = YES;
				GCC_WARN_UNINITIALIZED_AUTOS = YES_AGGRESSIVE;
				GCC_WARN_UNUSED_FUNCTION = YES;
				GCC_WARN_UNUSED_VARIABLE = YES;
				IPHONEOS_DEPLOYMENT_TARGET = 8.0;
				METAL_ENABLE_DEBUG_INFO = YES;
				ONLY_ACTIVE_ARCH = YES;
				SDKROOT = iphoneos;
				SWIFT_OPTIMIZATION_LEVEL = "-Onone";
				TARGETED_DEVICE_FAMILY = "1,2";
			};
			name = Debug;
		};
		290F465F1952218100C38EC8 /* Release */ = {
			isa = XCBuildConfiguration;
			buildSettings = {
				ALWAYS_SEARCH_USER_PATHS = NO;
				CLANG_CXX_LANGUAGE_STANDARD = "gnu++0x";
				CLANG_CXX_LIBRARY = "libc++";
				CLANG_ENABLE_MODULES = YES;
				CLANG_ENABLE_OBJC_ARC = YES;
				CLANG_WARN_BOOL_CONVERSION = YES;
				CLANG_WARN_CONSTANT_CONVERSION = YES;
				CLANG_WARN_DIRECT_OBJC_ISA_USAGE = YES_ERROR;
				CLANG_WARN_EMPTY_BODY = YES;
				CLANG_WARN_ENUM_CONVERSION = YES;
				CLANG_WARN_INT_CONVERSION = YES;
				CLANG_WARN_OBJC_ROOT_CLASS = YES_ERROR;
				CLANG_WARN_UNREACHABLE_CODE = YES;
				CLANG_WARN__DUPLICATE_METHOD_MATCH = YES;
				"CODE_SIGN_IDENTITY[sdk=iphoneos*]" = "iPhone Developer";
				COPY_PHASE_STRIP = YES;
				ENABLE_NS_ASSERTIONS = NO;
				ENABLE_STRICT_OBJC_MSGSEND = YES;
				GCC_C_LANGUAGE_STANDARD = gnu99;
				GCC_WARN_64_TO_32_BIT_CONVERSION = YES;
				GCC_WARN_ABOUT_RETURN_TYPE = YES_ERROR;
				GCC_WARN_UNDECLARED_SELECTOR = YES;
				GCC_WARN_UNINITIALIZED_AUTOS = YES_AGGRESSIVE;
				GCC_WARN_UNUSED_FUNCTION = YES;
				GCC_WARN_UNUSED_VARIABLE = YES;
				IPHONEOS_DEPLOYMENT_TARGET = 8.0;
				METAL_ENABLE_DEBUG_INFO = NO;
				SDKROOT = iphoneos;
				TARGETED_DEVICE_FAMILY = "1,2";
				VALIDATE_PRODUCT = YES;
			};
			name = Release;
		};
		290F46611952218100C38EC8 /* Debug */ = {
			isa = XCBuildConfiguration;
			baseConfigurationReference = 98F84DE7C2C64BD6AB348FD0 /* Pods.xcconfig */;
			buildSettings = {
				ASSETCATALOG_COMPILER_APPICON_NAME = AppIcon;
				ASSETCATALOG_COMPILER_LAUNCHIMAGE_NAME = LaunchImage;
				FRAMEWORK_SEARCH_PATHS = (
					"$(inherited)",
					"$(PROJECT_DIR)",
				);
				INFOPLIST_FILE = WatPark/Info.plist;
				LD_RUNPATH_SEARCH_PATHS = "$(inherited) @executable_path/Frameworks";
				PRODUCT_NAME = "$(TARGET_NAME)";
				SWIFT_OBJC_BRIDGING_HEADER = "WatPark/WatPark-Bridging-Header.h";
			};
			name = Debug;
		};
		290F46621952218100C38EC8 /* Release */ = {
			isa = XCBuildConfiguration;
			baseConfigurationReference = 98F84DE7C2C64BD6AB348FD0 /* Pods.xcconfig */;
			buildSettings = {
				ASSETCATALOG_COMPILER_APPICON_NAME = AppIcon;
				ASSETCATALOG_COMPILER_LAUNCHIMAGE_NAME = LaunchImage;
				FRAMEWORK_SEARCH_PATHS = (
					"$(inherited)",
					"$(PROJECT_DIR)",
				);
				INFOPLIST_FILE = WatPark/Info.plist;
				LD_RUNPATH_SEARCH_PATHS = "$(inherited) @executable_path/Frameworks";
				PRODUCT_NAME = "$(TARGET_NAME)";
				SWIFT_OBJC_BRIDGING_HEADER = "WatPark/WatPark-Bridging-Header.h";
			};
			name = Release;
		};
		290F46641952218100C38EC8 /* Debug */ = {
			isa = XCBuildConfiguration;
			buildSettings = {
				BUNDLE_LOADER = "$(BUILT_PRODUCTS_DIR)/WatPark.app/WatPark";
				FRAMEWORK_SEARCH_PATHS = (
					"$(SDKROOT)/Developer/Library/Frameworks",
					"$(inherited)",
				);
				GCC_PREPROCESSOR_DEFINITIONS = (
					"DEBUG=1",
					"$(inherited)",
				);
				INFOPLIST_FILE = WatParkTests/Info.plist;
				LD_RUNPATH_SEARCH_PATHS = "$(inherited) @executable_path/Frameworks @loader_path/Frameworks";
				METAL_ENABLE_DEBUG_INFO = YES;
				PRODUCT_NAME = "$(TARGET_NAME)";
				TEST_HOST = "$(BUNDLE_LOADER)";
			};
			name = Debug;
		};
		290F46651952218100C38EC8 /* Release */ = {
			isa = XCBuildConfiguration;
			buildSettings = {
				BUNDLE_LOADER = "$(BUILT_PRODUCTS_DIR)/WatPark.app/WatPark";
				FRAMEWORK_SEARCH_PATHS = (
					"$(SDKROOT)/Developer/Library/Frameworks",
					"$(inherited)",
				);
				INFOPLIST_FILE = WatParkTests/Info.plist;
				LD_RUNPATH_SEARCH_PATHS = "$(inherited) @executable_path/Frameworks @loader_path/Frameworks";
				METAL_ENABLE_DEBUG_INFO = NO;
				PRODUCT_NAME = "$(TARGET_NAME)";
				TEST_HOST = "$(BUNDLE_LOADER)";
			};
			name = Release;
		};
/* End XCBuildConfiguration section */

/* Begin XCConfigurationList section */
		290F46441952218100C38EC8 /* Build configuration list for PBXProject "WatPark" */ = {
			isa = XCConfigurationList;
			buildConfigurations = (
				290F465E1952218100C38EC8 /* Debug */,
				290F465F1952218100C38EC8 /* Release */,
			);
			defaultConfigurationIsVisible = 0;
			defaultConfigurationName = Release;
		};
		290F46601952218100C38EC8 /* Build configuration list for PBXNativeTarget "WatPark" */ = {
			isa = XCConfigurationList;
			buildConfigurations = (
				290F46611952218100C38EC8 /* Debug */,
				290F46621952218100C38EC8 /* Release */,
			);
			defaultConfigurationIsVisible = 0;
			defaultConfigurationName = Release;
		};
		290F46631952218100C38EC8 /* Build configuration list for PBXNativeTarget "WatParkTests" */ = {
			isa = XCConfigurationList;
			buildConfigurations = (
				290F46641952218100C38EC8 /* Debug */,
				290F46651952218100C38EC8 /* Release */,
			);
			defaultConfigurationIsVisible = 0;
			defaultConfigurationName = Release;
		};
/* End XCConfigurationList section */
	};
	rootObject = 290F46411952218100C38EC8 /* Project object */;
}
